{
  "pins" : [
    {
      "identity" : "wwimageview",
      "kind" : "remoteSourceControl",
      "location" : "https://github.com/William-Weng/WWImageView",
      "state" : {
        "revision" : "b6365488148f8ee36894fa1db1921943e11040c9",
        "version" : "1.0.1"
      }
    }
  ],
  "version" : 2
}
