{
  "originHash" : "def3c447b64af8f5dfb91e964f19bc3d1af1431340d55dbde893d012f45d9046",
  "pins" : [
    {
      "identity" : "wwimageview",
      "kind" : "remoteSourceControl",
      "location" : "https://github.com/William-Weng/WWImageView",
      "state" : {
        "revision" : "b02f59ecd40747669fe1417d3ffdbd31d4cd4792",
        "version" : "1.0.3"
      }
    }
  ],
  "version" : 3
}
